
Microsoft Visual Studio Solution File, Format Version 12.00
# Visual Studio 15
VisualStudioVersion = 15.0.27130.2036
MinimumVisualStudioVersion = 10.0.40219.1
Project("{9A19103F-16F7-4668-BE54-9A1E7A4F7556}") = "FactVentory3", "FactVentory3\FactVentory3.csproj", "{80FBD261-9A53-474D-A6F1-CC52EA88A0D9}"
EndProject
Project("{FAE04EC0-301F-11D3-BF4B-00C04F79EFBC}") = "Model", "Model\Model.csproj", "{2E31378D-47BB-4386-B9FE-EDDC6E06961B}"
EndProject
Project("{FAE04EC0-301F-11D3-BF4B-00C04F79EFBC}") = "Service", "Service\Service.csproj", "{4BC10FC2-2B43-43E2-88C1-82D8A4B70BDC}"
EndProject
Project("{FAE04EC0-301F-11D3-BF4B-00C04F79EFBC}") = "Persistence", "Persistence\Persistence.csproj", "{E4CAB152-3DE0-4E4C-9F06-C562C377B8F7}"
EndProject
Global
	GlobalSection(SolutionConfigurationPlatforms) = preSolution
		Debug|Any CPU = Debug|Any CPU
		Release|Any CPU = Release|Any CPU
	EndGlobalSection
	GlobalSection(ProjectConfigurationPlatforms) = postSolution
		{80FBD261-9A53-474D-A6F1-CC52EA88A0D9}.Debug|Any CPU.ActiveCfg = Debug|Any CPU
		{80FBD261-9A53-474D-A6F1-CC52EA88A0D9}.Debug|Any CPU.Build.0 = Debug|Any CPU
		{80FBD261-9A53-474D-A6F1-CC52EA88A0D9}.Release|Any CPU.ActiveCfg = Release|Any CPU
		{80FBD261-9A53-474D-A6F1-CC52EA88A0D9}.Release|Any CPU.Build.0 = Release|Any CPU
		{2E31378D-47BB-4386-B9FE-EDDC6E06961B}.Debug|Any CPU.ActiveCfg = Debug|Any CPU
		{2E31378D-47BB-4386-B9FE-EDDC6E06961B}.Debug|Any CPU.Build.0 = Debug|Any CPU
		{2E31378D-47BB-4386-B9FE-EDDC6E06961B}.Release|Any CPU.ActiveCfg = Release|Any CPU
		{2E31378D-47BB-4386-B9FE-EDDC6E06961B}.Release|Any CPU.Build.0 = Release|Any CPU
		{4BC10FC2-2B43-43E2-88C1-82D8A4B70BDC}.Debug|Any CPU.ActiveCfg = Debug|Any CPU
		{4BC10FC2-2B43-43E2-88C1-82D8A4B70BDC}.Debug|Any CPU.Build.0 = Debug|Any CPU
		{4BC10FC2-2B43-43E2-88C1-82D8A4B70BDC}.Release|Any CPU.ActiveCfg = Release|Any CPU
		{4BC10FC2-2B43-43E2-88C1-82D8A4B70BDC}.Release|Any CPU.Build.0 = Release|Any CPU
		{E4CAB152-3DE0-4E4C-9F06-C562C377B8F7}.Debug|Any CPU.ActiveCfg = Debug|Any CPU
		{E4CAB152-3DE0-4E4C-9F06-C562C377B8F7}.Debug|Any CPU.Build.0 = Debug|Any CPU
		{E4CAB152-3DE0-4E4C-9F06-C562C377B8F7}.Release|Any CPU.ActiveCfg = Release|Any CPU
		{E4CAB152-3DE0-4E4C-9F06-C562C377B8F7}.Release|Any CPU.Build.0 = Release|Any CPU
	EndGlobalSection
	GlobalSection(SolutionProperties) = preSolution
		HideSolutionNode = FALSE
	EndGlobalSection
	GlobalSection(ExtensibilityGlobals) = postSolution
		SolutionGuid = {B0D352B1-C6F5-403C-8E30-3B0BB9E194F0}
	EndGlobalSection
EndGlobal
